
Microsoft Visual Studio Solution File, Format Version 12.00
# Visual Studio Version 16
VisualStudioVersion = 16.0.31112.23
MinimumVisualStudioVersion = 10.0.40219.1
Project("{9A19103F-16F7-4668-BE54-9A1E7A4F7556}") = "DataAccess", "DataAccess\DataAccess.csproj", "{FAF3B51B-5A4F-46EC-B447-95F5F1038A40}"
EndProject
Project("{9A19103F-16F7-4668-BE54-9A1E7A4F7556}") = "Business", "Business\Business.csproj", "{7173F16C-D3E1-4A68-BF29-486062F153B1}"
EndProject
Project("{9A19103F-16F7-4668-BE54-9A1E7A4F7556}") = "Entities", "Entities\Entities.csproj", "{A77A41E0-41D3-4306-9F7C-FBB58787BBEE}"
EndProject
Project("{9A19103F-16F7-4668-BE54-9A1E7A4F7556}") = "ConsoleUI", "ConsoleUI\ConsoleUI.csproj", "{C32CB1FD-F381-45C6-AE3C-DB99EC5CB2DA}"
EndProject
Project("{9A19103F-16F7-4668-BE54-9A1E7A4F7556}") = "Core", "Core\Core.csproj", "{1AB9C6DA-D266-4B3C-82D9-CBB51EEA89A9}"
EndProject
Project("{FAE04EC0-301F-11D3-BF4B-00C04F79EFBC}") = "WebAPI", "WebAPI\WebAPI.csproj", "{5581455D-ECB2-4F26-A483-399FEB6DEE48}"
EndProject
Global
	GlobalSection(SolutionConfigurationPlatforms) = preSolution
		Debug|Any CPU = Debug|Any CPU
		Release|Any CPU = Release|Any CPU
	EndGlobalSection
	GlobalSection(ProjectConfigurationPlatforms) = postSolution
		{FAF3B51B-5A4F-46EC-B447-95F5F1038A40}.Debug|Any CPU.ActiveCfg = Debug|Any CPU
		{FAF3B51B-5A4F-46EC-B447-95F5F1038A40}.Debug|Any CPU.Build.0 = Debug|Any CPU
		{FAF3B51B-5A4F-46EC-B447-95F5F1038A40}.Release|Any CPU.ActiveCfg = Release|Any CPU
		{FAF3B51B-5A4F-46EC-B447-95F5F1038A40}.Release|Any CPU.Build.0 = Release|Any CPU
		{7173F16C-D3E1-4A68-BF29-486062F153B1}.Debug|Any CPU.ActiveCfg = Debug|Any CPU
		{7173F16C-D3E1-4A68-BF29-486062F153B1}.Debug|Any CPU.Build.0 = Debug|Any CPU
		{7173F16C-D3E1-4A68-BF29-486062F153B1}.Release|Any CPU.ActiveCfg = Release|Any CPU
		{7173F16C-D3E1-4A68-BF29-486062F153B1}.Release|Any CPU.Build.0 = Release|Any CPU
		{A77A41E0-41D3-4306-9F7C-FBB58787BBEE}.Debug|Any CPU.ActiveCfg = Debug|Any CPU
		{A77A41E0-41D3-4306-9F7C-FBB58787BBEE}.Debug|Any CPU.Build.0 = Debug|Any CPU
		{A77A41E0-41D3-4306-9F7C-FBB58787BBEE}.Release|Any CPU.ActiveCfg = Release|Any CPU
		{A77A41E0-41D3-4306-9F7C-FBB58787BBEE}.Release|Any CPU.Build.0 = Release|Any CPU
		{C32CB1FD-F381-45C6-AE3C-DB99EC5CB2DA}.Debug|Any CPU.ActiveCfg = Debug|Any CPU
		{C32CB1FD-F381-45C6-AE3C-DB99EC5CB2DA}.Debug|Any CPU.Build.0 = Debug|Any CPU
		{C32CB1FD-F381-45C6-AE3C-DB99EC5CB2DA}.Release|Any CPU.ActiveCfg = Release|Any CPU
		{C32CB1FD-F381-45C6-AE3C-DB99EC5CB2DA}.Release|Any CPU.Build.0 = Release|Any CPU
		{1AB9C6DA-D266-4B3C-82D9-CBB51EEA89A9}.Debug|Any CPU.ActiveCfg = Debug|Any CPU
		{1AB9C6DA-D266-4B3C-82D9-CBB51EEA89A9}.Debug|Any CPU.Build.0 = Debug|Any CPU
		{1AB9C6DA-D266-4B3C-82D9-CBB51EEA89A9}.Release|Any CPU.ActiveCfg = Release|Any CPU
		{1AB9C6DA-D266-4B3C-82D9-CBB51EEA89A9}.Release|Any CPU.Build.0 = Release|Any CPU
		{5581455D-ECB2-4F26-A483-399FEB6DEE48}.Debug|Any CPU.ActiveCfg = Debug|Any CPU
		{5581455D-ECB2-4F26-A483-399FEB6DEE48}.Debug|Any CPU.Build.0 = Debug|Any CPU
		{5581455D-ECB2-4F26-A483-399FEB6DEE48}.Release|Any CPU.ActiveCfg = Release|Any CPU
		{5581455D-ECB2-4F26-A483-399FEB6DEE48}.Release|Any CPU.Build.0 = Release|Any CPU
	EndGlobalSection
	GlobalSection(SolutionProperties) = preSolution
		HideSolutionNode = FALSE
	EndGlobalSection
	GlobalSection(ExtensibilityGlobals) = postSolution
		SolutionGuid = {CB77BBDF-AE3D-4B1B-B3BA-805778DE90F5}
	EndGlobalSection
EndGlobal
